
Microsoft Visual Studio Solution File, Format Version 12.00
# Visual Studio Version 18
VisualStudioVersion = 18.3.11520.95
MinimumVisualStudioVersion = 10.0.40219.1
Project("{2150E333-8FDC-42A3-9474-1A3956D46DE8}") = "Examples", "Examples", "{02EA681E-C7D8-13C7-8484-4AC65E1B71E8}"
EndProject
Project("{2150E333-8FDC-42A3-9474-1A3956D46DE8}") = "_Sasofly", "_Sasofly", "{2116D355-8780-421E-BC24-78AE703A4575}"
EndProject
Project("{FAE04EC0-301F-11D3-BF4B-00C04F79EFBC}") = "Sachssoft.Sasofly", "..\Sasolib\Sasosoft.Sasofly\Sachssoft.Sasofly.csproj", "{F3A69BF2-ED50-936B-D3E9-882635CFCBD6}"
EndProject
Project("{2150E333-8FDC-42A3-9474-1A3956D46DE8}") = "Platforms", "Platforms", "{73138C20-2BCF-449F-8D95-620781BE751E}"
EndProject
Project("{FAE04EC0-301F-11D3-BF4B-00C04F79EFBC}") = "Sachssoft.Sasofly.Runtime", "..\Sasolib\Sachssoft.Sasofly.Runtime\Sachssoft.Sasofly.Runtime.csproj", "{F9E1DF2A-4875-1EA4-9991-D1BFBB763E39}"
EndProject
Project("{FAE04EC0-301F-11D3-BF4B-00C04F79EFBC}") = "Sachssoft.Sasofly.Inspection", "..\Sasolib\Sachssoft.Sasofly.Inspection\Sachssoft.Sasofly.Inspection.csproj", "{A3759AFE-5613-FE98-58F7-779DE2A19E07}"
EndProject
Project("{FAE04EC0-301F-11D3-BF4B-00C04F79EFBC}") = "Sachssoft.Sasofly.Documents", "..\Sasolib\Sachssoft.Sasofly.Documents\Sachssoft.Sasofly.Documents.csproj", "{F4A4C6A7-FF05-398D-E927-5EAF80D15884}"
EndProject
Project("{FAE04EC0-301F-11D3-BF4B-00C04F79EFBC}") = "Sachssoft.Sasogine.Example.MemoryGame", "Examples\Sachssoft.Sasogine.Example.MemoryGame\Sachssoft.Sasogine.Example.MemoryGame.csproj", "{8F6DDA50-2FB1-9677-1EC8-D468B3990344}"
EndProject
Project("{FAE04EC0-301F-11D3-BF4B-00C04F79EFBC}") = "Sachssoft.Sasogine.Example.Primitives", "Examples\Sachssoft.Sasogine.Example.Primitives\Sachssoft.Sasogine.Example.Primitives.csproj", "{DC019553-D7D0-4698-2C8E-2327488F99E9}"
EndProject
Project("{FAE04EC0-301F-11D3-BF4B-00C04F79EFBC}") = "Sachssoft.Sasogine.Example.Surface", "Examples\Sachssoft.Sasogine.Example.Surface\Sachssoft.Sasogine.Example.Surface.csproj", "{EF37917A-6B7A-5E38-64C2-D90F4EC4C31F}"
EndProject
Project("{FAE04EC0-301F-11D3-BF4B-00C04F79EFBC}") = "Sachssoft.Sasogine.Platform.Android", "Platforms\Sachssoft.Sasogine.Platform.Android\Sachssoft.Sasogine.Platform.Android.csproj", "{448603D3-680A-691D-2560-96F2612F6FC1}"
EndProject
Project("{FAE04EC0-301F-11D3-BF4B-00C04F79EFBC}") = "Sachssoft.Sasogine.Platform.Windows", "Platforms\Sachssoft.Sasogine.Platform.Windows\Sachssoft.Sasogine.Platform.Windows.csproj", "{EA387F7C-AA39-BC57-4821-3D1D4FDE7A5E}"
EndProject
Project("{FAE04EC0-301F-11D3-BF4B-00C04F79EFBC}") = "Sachssoft.Sasogine.Platform.MacOs", "Platforms\Sachssoft.Sasogine.Platform.MacOs\Sachssoft.Sasogine.Platform.MacOs.csproj", "{6498440D-B600-5EA8-6FA4-9C7ECAF2496C}"
EndProject
Project("{FAE04EC0-301F-11D3-BF4B-00C04F79EFBC}") = "Sachssoft.Sasogine.Platform.Linux", "Platforms\Sachssoft.Sasogine.Platform.Linux\Sachssoft.Sasogine.Platform.Linux.csproj", "{59654014-DDC5-71BA-29F6-86644DEA41EE}"
EndProject
Project("{FAE04EC0-301F-11D3-BF4B-00C04F79EFBC}") = "Sachssoft.Sasogine.Platform.iOS", "Platforms\Sachssoft.Sasogine.Platform.iOS\Sachssoft.Sasogine.Platform.iOS.csproj", "{A3B41DE0-3677-76E5-A262-4A0D42582D28}"
EndProject
Project("{2150E333-8FDC-42A3-9474-1A3956D46DE8}") = "Graphics", "Graphics", "{2E656C34-67D4-4C54-BF07-3E408736B51C}"
EndProject
Project("{FAE04EC0-301F-11D3-BF4B-00C04F79EFBC}") = "Sachssoft.Sasogine.Tiling", "Graphics\Sachssoft.Sasogine.Tiling\Sachssoft.Sasogine.Tiling.csproj", "{2003D408-33B3-4ABF-4779-8FE6DA251F07}"
EndProject
Project("{2150E333-8FDC-42A3-9474-1A3956D46DE8}") = "Physics", "Physics", "{E4609182-DA8D-46F2-A0A8-2421DE7E56DB}"
EndProject
Project("{D954291E-2A0B-460D-934E-DC6B0785DB48}") = "Sachssoft.Sasogine.Physics.Box2D.Shared", "Physics\Sachssoft.Sasogine.Physics.Box2D.Shared\Sachssoft.Sasogine.Physics.Box2D.Shared.shproj", "{08CA238B-2E41-4997-9CA8-A85DD32A11F0}"
EndProject
Project("{FAE04EC0-301F-11D3-BF4B-00C04F79EFBC}") = "Sachssoft.Sasogine.Physics.Box2D.Monogame", "Physics\Sachssoft.Sasogine.Physics.Box2D.Monogame\Sachssoft.Sasogine.Physics.Box2D.Monogame.csproj", "{BFA1CB05-B6CC-4058-BBAE-FC1D643911E8}"
EndProject
Project("{FAE04EC0-301F-11D3-BF4B-00C04F79EFBC}") = "Sachssoft.Sasogine.Physics.Box2D.FNA", "Sachssoft.Sasogine.Physics.Box2D.FNA\Sachssoft.Sasogine.Physics.Box2D.FNA.csproj", "{E4D84B2A-9703-4EC6-9F02-481B4FC95622}"
EndProject
Project("{2150E333-8FDC-42A3-9474-1A3956D46DE8}") = "Presentations", "Presentations", "{0143141C-D10D-41F2-81BA-A9AD55E7FF51}"
EndProject
Project("{FAE04EC0-301F-11D3-BF4B-00C04F79EFBC}") = "Sachssoft.Sasogine.Presentation.Deterlite", "Presentations\Sachssoft.Sasogine.Presentation.Deterlite\Sachssoft.Sasogine.Presentation.Deterlite.csproj", "{9D50A7F3-7A6F-89FC-FF72-C71AE83BA45D}"
EndProject
Global
	GlobalSection(SolutionConfigurationPlatforms) = preSolution
		Debug|Any CPU = Debug|Any CPU
		Release|Any CPU = Release|Any CPU
	EndGlobalSection
	GlobalSection(ProjectConfigurationPlatforms) = postSolution
		{F3A69BF2-ED50-936B-D3E9-882635CFCBD6}.Debug|Any CPU.ActiveCfg = Debug|Any CPU
		{F3A69BF2-ED50-936B-D3E9-882635CFCBD6}.Debug|Any CPU.Build.0 = Debug|Any CPU
		{F3A69BF2-ED50-936B-D3E9-882635CFCBD6}.Release|Any CPU.ActiveCfg = Release|Any CPU
		{F3A69BF2-ED50-936B-D3E9-882635CFCBD6}.Release|Any CPU.Build.0 = Release|Any CPU
		{F9E1DF2A-4875-1EA4-9991-D1BFBB763E39}.Debug|Any CPU.ActiveCfg = Debug|Any CPU
		{F9E1DF2A-4875-1EA4-9991-D1BFBB763E39}.Debug|Any CPU.Build.0 = Debug|Any CPU
		{F9E1DF2A-4875-1EA4-9991-D1BFBB763E39}.Release|Any CPU.ActiveCfg = Release|Any CPU
		{F9E1DF2A-4875-1EA4-9991-D1BFBB763E39}.Release|Any CPU.Build.0 = Release|Any CPU
		{A3759AFE-5613-FE98-58F7-779DE2A19E07}.Debug|Any CPU.ActiveCfg = Debug|Any CPU
		{A3759AFE-5613-FE98-58F7-779DE2A19E07}.Debug|Any CPU.Build.0 = Debug|Any CPU
		{A3759AFE-5613-FE98-58F7-779DE2A19E07}.Release|Any CPU.ActiveCfg = Release|Any CPU
		{A3759AFE-5613-FE98-58F7-779DE2A19E07}.Release|Any CPU.Build.0 = Release|Any CPU
		{F4A4C6A7-FF05-398D-E927-5EAF80D15884}.Debug|Any CPU.ActiveCfg = Debug|Any CPU
		{F4A4C6A7-FF05-398D-E927-5EAF80D15884}.Debug|Any CPU.Build.0 = Debug|Any CPU
		{F4A4C6A7-FF05-398D-E927-5EAF80D15884}.Release|Any CPU.ActiveCfg = Release|Any CPU
		{F4A4C6A7-FF05-398D-E927-5EAF80D15884}.Release|Any CPU.Build.0 = Release|Any CPU
		{8F6DDA50-2FB1-9677-1EC8-D468B3990344}.Debug|Any CPU.ActiveCfg = Debug|Any CPU
		{8F6DDA50-2FB1-9677-1EC8-D468B3990344}.Debug|Any CPU.Build.0 = Debug|Any CPU
		{8F6DDA50-2FB1-9677-1EC8-D468B3990344}.Release|Any CPU.ActiveCfg = Release|Any CPU
		{8F6DDA50-2FB1-9677-1EC8-D468B3990344}.Release|Any CPU.Build.0 = Release|Any CPU
		{DC019553-D7D0-4698-2C8E-2327488F99E9}.Debug|Any CPU.ActiveCfg = Debug|Any CPU
		{DC019553-D7D0-4698-2C8E-2327488F99E9}.Debug|Any CPU.Build.0 = Debug|Any CPU
		{DC019553-D7D0-4698-2C8E-2327488F99E9}.Release|Any CPU.ActiveCfg = Release|Any CPU
		{DC019553-D7D0-4698-2C8E-2327488F99E9}.Release|Any CPU.Build.0 = Release|Any CPU
		{EF37917A-6B7A-5E38-64C2-D90F4EC4C31F}.Debug|Any CPU.ActiveCfg = Debug|Any CPU
		{EF37917A-6B7A-5E38-64C2-D90F4EC4C31F}.Debug|Any CPU.Build.0 = Debug|Any CPU
		{EF37917A-6B7A-5E38-64C2-D90F4EC4C31F}.Release|Any CPU.ActiveCfg = Release|Any CPU
		{EF37917A-6B7A-5E38-64C2-D90F4EC4C31F}.Release|Any CPU.Build.0 = Release|Any CPU
		{448603D3-680A-691D-2560-96F2612F6FC1}.Debug|Any CPU.ActiveCfg = Debug|Any CPU
		{448603D3-680A-691D-2560-96F2612F6FC1}.Debug|Any CPU.Build.0 = Debug|Any CPU
		{448603D3-680A-691D-2560-96F2612F6FC1}.Release|Any CPU.ActiveCfg = Release|Any CPU
		{448603D3-680A-691D-2560-96F2612F6FC1}.Release|Any CPU.Build.0 = Release|Any CPU
		{EA387F7C-AA39-BC57-4821-3D1D4FDE7A5E}.Debug|Any CPU.ActiveCfg = Debug|Any CPU
		{EA387F7C-AA39-BC57-4821-3D1D4FDE7A5E}.Debug|Any CPU.Build.0 = Debug|Any CPU
		{EA387F7C-AA39-BC57-4821-3D1D4FDE7A5E}.Release|Any CPU.ActiveCfg = Release|Any CPU
		{EA387F7C-AA39-BC57-4821-3D1D4FDE7A5E}.Release|Any CPU.Build.0 = Release|Any CPU
		{6498440D-B600-5EA8-6FA4-9C7ECAF2496C}.Debug|Any CPU.ActiveCfg = Debug|Any CPU
		{6498440D-B600-5EA8-6FA4-9C7ECAF2496C}.Debug|Any CPU.Build.0 = Debug|Any CPU
		{6498440D-B600-5EA8-6FA4-9C7ECAF2496C}.Release|Any CPU.ActiveCfg = Release|Any CPU
		{6498440D-B600-5EA8-6FA4-9C7ECAF2496C}.Release|Any CPU.Build.0 = Release|Any CPU
		{59654014-DDC5-71BA-29F6-86644DEA41EE}.Debug|Any CPU.ActiveCfg = Debug|Any CPU
		{59654014-DDC5-71BA-29F6-86644DEA41EE}.Debug|Any CPU.Build.0 = Debug|Any CPU
		{59654014-DDC5-71BA-29F6-86644DEA41EE}.Release|Any CPU.ActiveCfg = Release|Any CPU
		{59654014-DDC5-71BA-29F6-86644DEA41EE}.Release|Any CPU.Build.0 = Release|Any CPU
		{A3B41DE0-3677-76E5-A262-4A0D42582D28}.Debug|Any CPU.ActiveCfg = Debug|Any CPU
		{A3B41DE0-3677-76E5-A262-4A0D42582D28}.Debug|Any CPU.Build.0 = Debug|Any CPU
		{A3B41DE0-3677-76E5-A262-4A0D42582D28}.Release|Any CPU.ActiveCfg = Release|Any CPU
		{A3B41DE0-3677-76E5-A262-4A0D42582D28}.Release|Any CPU.Build.0 = Release|Any CPU
		{2003D408-33B3-4ABF-4779-8FE6DA251F07}.Debug|Any CPU.ActiveCfg = Debug|Any CPU
		{2003D408-33B3-4ABF-4779-8FE6DA251F07}.Debug|Any CPU.Build.0 = Debug|Any CPU
		{2003D408-33B3-4ABF-4779-8FE6DA251F07}.Release|Any CPU.ActiveCfg = Release|Any CPU
		{2003D408-33B3-4ABF-4779-8FE6DA251F07}.Release|Any CPU.Build.0 = Release|Any CPU
		{BFA1CB05-B6CC-4058-BBAE-FC1D643911E8}.Debug|Any CPU.ActiveCfg = Debug|Any CPU
		{BFA1CB05-B6CC-4058-BBAE-FC1D643911E8}.Debug|Any CPU.Build.0 = Debug|Any CPU
		{BFA1CB05-B6CC-4058-BBAE-FC1D643911E8}.Release|Any CPU.ActiveCfg = Release|Any CPU
		{BFA1CB05-B6CC-4058-BBAE-FC1D643911E8}.Release|Any CPU.Build.0 = Release|Any CPU
		{E4D84B2A-9703-4EC6-9F02-481B4FC95622}.Debug|Any CPU.ActiveCfg = Debug|Any CPU
		{E4D84B2A-9703-4EC6-9F02-481B4FC95622}.Debug|Any CPU.Build.0 = Debug|Any CPU
		{E4D84B2A-9703-4EC6-9F02-481B4FC95622}.Release|Any CPU.ActiveCfg = Release|Any CPU
		{E4D84B2A-9703-4EC6-9F02-481B4FC95622}.Release|Any CPU.Build.0 = Release|Any CPU
		{9D50A7F3-7A6F-89FC-FF72-C71AE83BA45D}.Debug|Any CPU.ActiveCfg = Debug|Any CPU
		{9D50A7F3-7A6F-89FC-FF72-C71AE83BA45D}.Debug|Any CPU.Build.0 = Debug|Any CPU
		{9D50A7F3-7A6F-89FC-FF72-C71AE83BA45D}.Release|Any CPU.ActiveCfg = Release|Any CPU
		{9D50A7F3-7A6F-89FC-FF72-C71AE83BA45D}.Release|Any CPU.Build.0 = Release|Any CPU
	EndGlobalSection
	GlobalSection(SolutionProperties) = preSolution
		HideSolutionNode = FALSE
	EndGlobalSection
	GlobalSection(NestedProjects) = preSolution
		{F3A69BF2-ED50-936B-D3E9-882635CFCBD6} = {2116D355-8780-421E-BC24-78AE703A4575}
		{F9E1DF2A-4875-1EA4-9991-D1BFBB763E39} = {2116D355-8780-421E-BC24-78AE703A4575}
		{A3759AFE-5613-FE98-58F7-779DE2A19E07} = {2116D355-8780-421E-BC24-78AE703A4575}
		{F4A4C6A7-FF05-398D-E927-5EAF80D15884} = {2116D355-8780-421E-BC24-78AE703A4575}
		{8F6DDA50-2FB1-9677-1EC8-D468B3990344} = {02EA681E-C7D8-13C7-8484-4AC65E1B71E8}
		{DC019553-D7D0-4698-2C8E-2327488F99E9} = {02EA681E-C7D8-13C7-8484-4AC65E1B71E8}
		{EF37917A-6B7A-5E38-64C2-D90F4EC4C31F} = {02EA681E-C7D8-13C7-8484-4AC65E1B71E8}
		{448603D3-680A-691D-2560-96F2612F6FC1} = {73138C20-2BCF-449F-8D95-620781BE751E}
		{EA387F7C-AA39-BC57-4821-3D1D4FDE7A5E} = {73138C20-2BCF-449F-8D95-620781BE751E}
		{6498440D-B600-5EA8-6FA4-9C7ECAF2496C} = {73138C20-2BCF-449F-8D95-620781BE751E}
		{59654014-DDC5-71BA-29F6-86644DEA41EE} = {73138C20-2BCF-449F-8D95-620781BE751E}
		{A3B41DE0-3677-76E5-A262-4A0D42582D28} = {73138C20-2BCF-449F-8D95-620781BE751E}
		{2003D408-33B3-4ABF-4779-8FE6DA251F07} = {2E656C34-67D4-4C54-BF07-3E408736B51C}
		{08CA238B-2E41-4997-9CA8-A85DD32A11F0} = {E4609182-DA8D-46F2-A0A8-2421DE7E56DB}
		{BFA1CB05-B6CC-4058-BBAE-FC1D643911E8} = {E4609182-DA8D-46F2-A0A8-2421DE7E56DB}
		{E4D84B2A-9703-4EC6-9F02-481B4FC95622} = {E4609182-DA8D-46F2-A0A8-2421DE7E56DB}
		{9D50A7F3-7A6F-89FC-FF72-C71AE83BA45D} = {0143141C-D10D-41F2-81BA-A9AD55E7FF51}
	EndGlobalSection
	GlobalSection(ExtensibilityGlobals) = postSolution
		SolutionGuid = {7424B1A3-2A7B-4467-963E-74EEA104AB1F}
	EndGlobalSection
	GlobalSection(SharedMSBuildProjectFiles) = preSolution
		Physics\Sachssoft.Sasogine.Physics.Box2D.Shared\Sachssoft.Sasogine.Physics.Box2D.Shared.projitems*{08ca238b-2e41-4997-9ca8-a85dd32a11f0}*SharedItemsImports = 13
		Physics\Sachssoft.Sasogine.Physics.Box2D.Shared\Sachssoft.Sasogine.Physics.Box2D.Shared.projitems*{bfa1cb05-b6cc-4058-bbae-fc1d643911e8}*SharedItemsImports = 5
		Physics\Sachssoft.Sasogine.Physics.Box2D.Shared\Sachssoft.Sasogine.Physics.Box2D.Shared.projitems*{e4d84b2a-9703-4ec6-9f02-481b4fc95622}*SharedItemsImports = 5
	EndGlobalSection
EndGlobal
