<Solution>
	<Folder Name="/Build/">
		<File Path="Sachssoft.Sasogine.Package.props" />
		<File Path="Sachssoft.Sasogine.props" />
		<File Path="Sachssoft.Sasogine.Documents.props" />
		<File Path="Sachssoft.Sasogine.Toolkit.props" />
		<Project Path="Build/Sachssoft.Sasogine.Analyzers/Sachssoft.Sasogine.Analyzers.csproj" />
	</Folder>

	<Folder Name="/Docs/">
		<File Path="CHANGELOG.md" />
		<File Path="CODING_STYLE.md" />
		<File Path="CODING_STYLE_DE.md" />
		<File Path="CONTRIBUTING.md" />
		<File Path="CONTRIBUTING_DE.md" />
		<File Path="examples.md" />
		<File Path="LICENSE.md" />
		<File Path="PackageBuildInstructions.md" />
		<File Path="PackageBuildInstructions_DE.md" />
		<File Path="PROGRAMMING_ARCHITECTURE_GUIDELINES_DE.md" />
		<File Path="PROGRAMMING_ARCHITECTURE_GUIDELINES_EN.md" />
		<File Path="README.md" />
		<File Path="README_DE.md" />
	</Folder>

	<Folder Name="/Projects/">
		<Project Path="Projects/Basic/Sachssoft.Sasogine.csproj" />
		<Project Path="Projects/Documents/Sachssoft.Sasogine.Documents.csproj" />
		<Project Path="Projects/Toolkit/Sachssoft.Sasogine.Toolkit.csproj" />
	</Folder>

	<Folder Name="/Projects/Platforms/">
		<Project Path="Projects/Platforms/Linux/Sachssoft.Sasogine.Platform.Linux.csproj" />
		<Project Path="Projects/Platforms/MacOs/Sachssoft.Sasogine.Platform.MacOs.csproj" />
		<Project Path="Projects/Platforms/Windows/Sachssoft.Sasogine.Platform.Windows.csproj" />
	</Folder>

	<Folder Name="/Projects/Backends/">
		<Project Path="Projects/Backends/DesktopGL/Sachssoft.Sasogine.DesktopGL.csproj" />
		<Project Path="Projects/Backends/DesktopVK/Sachssoft.Sasogine.DesktopVK.csproj" />
		<Project Path="Projects/Backends/WindowsDX/Sachssoft.Sasogine.WindowsDX.csproj" />
		<Project Path="Projects/Backends/WindowsDX12/Sachssoft.Sasogine.WindowsDX12.csproj" />
	</Folder>

	<Folder Name="/Examples/" />
</Solution>
