
Microsoft Visual Studio Solution File, Format Version 12.00
# Visual Studio Version 17
VisualStudioVersion = 17.11.35312.102
MinimumVisualStudioVersion = 10.0.40219.1
Project("{9A19103F-16F7-4668-BE54-9A1E7A4F7556}") = "Sachssoft.Sasogine", "Sachssoft.Sasogine\Sachssoft.Sasogine.csproj", "{A94D8326-3B2C-41BD-9774-821FAD667E4C}"
EndProject
Global
	GlobalSection(SolutionConfigurationPlatforms) = preSolution
		Debug|Any CPU = Debug|Any CPU
		Release|Any CPU = Release|Any CPU
	EndGlobalSection
	GlobalSection(ProjectConfigurationPlatforms) = postSolution
		{A94D8326-3B2C-41BD-9774-821FAD667E4C}.Debug|Any CPU.ActiveCfg = Debug|Any CPU
		{A94D8326-3B2C-41BD-9774-821FAD667E4C}.Debug|Any CPU.Build.0 = Debug|Any CPU
		{A94D8326-3B2C-41BD-9774-821FAD667E4C}.Release|Any CPU.ActiveCfg = Release|Any CPU
		{A94D8326-3B2C-41BD-9774-821FAD667E4C}.Release|Any CPU.Build.0 = Release|Any CPU
	EndGlobalSection
	GlobalSection(SolutionProperties) = preSolution
		HideSolutionNode = FALSE
	EndGlobalSection
	GlobalSection(ExtensibilityGlobals) = postSolution
		SolutionGuid = {7424B1A3-2A7B-4467-963E-74EEA104AB1F}
	EndGlobalSection
EndGlobal
