
<Solution>
  <Folder Name="/Basics/">
    <Project Path="Sachssoft.Sasogine.csproj" />
  </Folder>
  <Folder Name="/Build/">
    <Project Path="Build/Sachssoft.Sasogine.Analyzers/Sachssoft.Sasogine.Analyzers.csproj" />
  </Folder>
  <Folder Name="/Examples/">
    <Project Path="Examples/Sachssoft.Sasogine.Example.Architecture/Sachssoft.Sasogine.Example.Architecture.csproj" Id="d00152ec-e353-4aed-a369-1934744d71a7" />
    <Project Path="Examples/Sachssoft.Sasogine.Example.MemoryGame/Sachssoft.Sasogine.Example.MemoryGame.csproj" />
    <Project Path="Examples/Sachssoft.Sasogine.Example.Primitives/Sachssoft.Sasogine.Example.Primitives.csproj" />
    <Project Path="Examples/Sachssoft.Sasogine.Example.Surface/Sachssoft.Sasogine.Example.UI.csproj" />
  </Folder>
  <Folder Name="/Info/">
    <File Path="Anleitung.txt" />
  </Folder>
  <Folder Name="/Platforms/">
    <Project Path="Platforms/Sachssoft.Sasogine.Platform.Linux/Sachssoft.Sasogine.Platform.Linux.csproj" />
    <Project Path="Platforms/Sachssoft.Sasogine.Platform.MacOs/Sachssoft.Sasogine.Platform.MacOs.csproj" />
    <Project Path="Platforms/Sachssoft.Sasogine.Platform.Windows/Sachssoft.Sasogine.Platform.Windows.csproj" />
  </Folder>
  <Folder Name="/Targets/" />
  <Folder Name="/Targets/DesktopGL/">
    <Project Path="Targets/DesktopGL/Sachssoft.Sasogine.DesktopGL/Sachssoft.Sasogine.DesktopGL.csproj" />
    <Project Path="Targets/DesktopGL/Sachssoft.Sasogine.Experimental.DesktopGL/Sachssoft.Sasogine.Experimental.DesktopGL.csproj" />
    <Project Path="Targets/DesktopGL/Sachssoft.Sasogine.Extensions.Sasodoc.DesktopGL/Sachssoft.Sasogine.Extensions.Sasodoc.DesktopGL.csproj" />
    <Project Path="Targets/DesktopGL/Sachssoft.Sasogine.Markup.DesktopGL/Sachssoft.Sasogine.Markup.DesktopGL.csproj" />
    <Project Path="Targets/DesktopGL/Sachssoft.Sasogine.Toolkit.DesktopGL/Sachssoft.Sasogine.Toolkit.DesktopGL.csproj" />
    <Project Path="Targets/DesktopGL/Sachssoft.Sasogine.UI.DesktopGL/Sachssoft.Sasogine.UI.DesktopGL.csproj" />
  </Folder>
  <Folder Name="/Targets/WindowsDX/" />
</Solution>