
<Solution>
  <Folder Name="/Basics/">
    <Project Path="Sachssoft.Sasogine.csproj" />
  </Folder>
  <Folder Name="/Build/">
    <Project Path="Build/Sachssoft.Sasogine.Analyzers/Sachssoft.Sasogine.Analyzers.csproj" />
  </Folder>
  <Folder Name="/Examples/" />
  <Folder Name="/Examples/DesktopGL/">
    <Project Path="Examples/DesktopGL/01.FirstStepGL/01.FirstStepGL.csproj" />
    <Project Path="Examples/DesktopGL/02.TexturesGL/02.TexturesGL.csproj" Id="30a29d51-5b65-4ab6-bdd2-ca811d1a56ee" />
    <Project Path="Examples/DesktopGL/03.ComponentsGL/03.ComponentsGL.csproj" Id="8ab0c3d9-4db2-4d14-801d-4d7f43664843" />
  </Folder>
  <Folder Name="/Platforms/">
    <Project Path="Platforms/Sachssoft.Sasogine.Platform.Linux/Sachssoft.Sasogine.Platform.Linux.csproj" />
    <Project Path="Platforms/Sachssoft.Sasogine.Platform.MacOs/Sachssoft.Sasogine.Platform.MacOs.csproj" />
    <Project Path="Platforms/Sachssoft.Sasogine.Platform.Windows/Sachssoft.Sasogine.Platform.Windows.csproj" />
  </Folder>
  <Folder Name="/Targets/" />
  <Folder Name="/Targets/DesktopGL/">
    <Project Path="Targets/DesktopGL/Sachssoft.Sasogine.DesktopGL/Sachssoft.Sasogine.DesktopGL.csproj" />
    <Project Path="Targets/DesktopGL/Sachssoft.Sasogine.Documents.DesktopGL/Sachssoft.Sasogine.Documents.DesktopGL.csproj" />
    <Project Path="Targets/DesktopGL/Sachssoft.Sasogine.Experimental.DesktopGL/Sachssoft.Sasogine.Experimental.DesktopGL.csproj" />
    <Project Path="Targets/DesktopGL/Sachssoft.Sasogine.Toolkit.DesktopGL/Sachssoft.Sasogine.Toolkit.DesktopGL.csproj" />
    <Project Path="Targets/DesktopGL/Sachssoft.Sasogine.UI.DesktopGL/Sachssoft.Sasogine.UI.DesktopGL.csproj" />
  </Folder>
  <Folder Name="/Targets/WindowsDX/" />
</Solution>